
Microsoft Visual Studio Solution File, Format Version 12.00
# Visual Studio 15
VisualStudioVersion = 15.0.27130.2020
MinimumVisualStudioVersion = 10.0.40219.1
Project("{2150E333-8FDC-42A3-9474-1A3956D46DE8}") = "sort", "sort", "{991F4FC0-35A8-4B8B-A351-49F6949AE75E}"
EndProject
Project("{FAE04EC0-301F-11D3-BF4B-00C04F79EFBC}") = "bubble-sort", "bubble-sort\bubble-sort.csproj", "{F9972FB7-ED8A-4C74-BCFE-B395D93EA3A4}"
EndProject
Project("{FAE04EC0-301F-11D3-BF4B-00C04F79EFBC}") = "insertion-sort", "insertion-sort\insertion-sort.csproj", "{4585371B-4C76-4190-A495-9E814288B80C}"
EndProject
Project("{2150E333-8FDC-42A3-9474-1A3956D46DE8}") = "Data-Structure", "Data-Structure", "{94125FD3-7626-4505-90A3-E02DB896363D}"
EndProject
Project("{FAE04EC0-301F-11D3-BF4B-00C04F79EFBC}") = "LinkedList", "LinkedList\LinkedList.csproj", "{AECFB75D-F7B3-44A2-83D2-24DCD237B0B4}"
EndProject
Project("{FAE04EC0-301F-11D3-BF4B-00C04F79EFBC}") = "BinaryTree", "BinaryTree\BinaryTree.csproj", "{EA69AFC8-C275-4191-8976-3182751874B0}"
EndProject
Project("{2150E333-8FDC-42A3-9474-1A3956D46DE8}") = "interview", "interview", "{D1649D9F-810C-448D-83F9-A3A427B2899A}"
EndProject
Project("{FAE04EC0-301F-11D3-BF4B-00C04F79EFBC}") = "SparseMatrix", "SparseMatrix\SparseMatrix.csproj", "{2905245E-B1CA-4868-AEFF-D05BD7ADB319}"
EndProject
Project("{FAE04EC0-301F-11D3-BF4B-00C04F79EFBC}") = "MatrixDeterminant", "MatrixDeterminant\MatrixDeterminant.csproj", "{4DC3083C-E3A8-404E-AF17-5910143C0CEA}"
EndProject
Project("{FAE04EC0-301F-11D3-BF4B-00C04F79EFBC}") = "TwoIntSum", "TwoIntSum\TwoIntSum.csproj", "{623BB95E-DC8C-4BFD-9ACA-31C9A11804BC}"
EndProject
Global
	GlobalSection(SolutionConfigurationPlatforms) = preSolution
		Debug|Any CPU = Debug|Any CPU
		Release|Any CPU = Release|Any CPU
	EndGlobalSection
	GlobalSection(ProjectConfigurationPlatforms) = postSolution
		{F9972FB7-ED8A-4C74-BCFE-B395D93EA3A4}.Debug|Any CPU.ActiveCfg = Debug|Any CPU
		{F9972FB7-ED8A-4C74-BCFE-B395D93EA3A4}.Debug|Any CPU.Build.0 = Debug|Any CPU
		{F9972FB7-ED8A-4C74-BCFE-B395D93EA3A4}.Release|Any CPU.ActiveCfg = Release|Any CPU
		{F9972FB7-ED8A-4C74-BCFE-B395D93EA3A4}.Release|Any CPU.Build.0 = Release|Any CPU
		{4585371B-4C76-4190-A495-9E814288B80C}.Debug|Any CPU.ActiveCfg = Debug|Any CPU
		{4585371B-4C76-4190-A495-9E814288B80C}.Debug|Any CPU.Build.0 = Debug|Any CPU
		{4585371B-4C76-4190-A495-9E814288B80C}.Release|Any CPU.ActiveCfg = Release|Any CPU
		{4585371B-4C76-4190-A495-9E814288B80C}.Release|Any CPU.Build.0 = Release|Any CPU
		{AECFB75D-F7B3-44A2-83D2-24DCD237B0B4}.Debug|Any CPU.ActiveCfg = Debug|Any CPU
		{AECFB75D-F7B3-44A2-83D2-24DCD237B0B4}.Debug|Any CPU.Build.0 = Debug|Any CPU
		{AECFB75D-F7B3-44A2-83D2-24DCD237B0B4}.Release|Any CPU.ActiveCfg = Release|Any CPU
		{AECFB75D-F7B3-44A2-83D2-24DCD237B0B4}.Release|Any CPU.Build.0 = Release|Any CPU
		{EA69AFC8-C275-4191-8976-3182751874B0}.Debug|Any CPU.ActiveCfg = Debug|Any CPU
		{EA69AFC8-C275-4191-8976-3182751874B0}.Debug|Any CPU.Build.0 = Debug|Any CPU
		{EA69AFC8-C275-4191-8976-3182751874B0}.Release|Any CPU.ActiveCfg = Release|Any CPU
		{EA69AFC8-C275-4191-8976-3182751874B0}.Release|Any CPU.Build.0 = Release|Any CPU
		{2905245E-B1CA-4868-AEFF-D05BD7ADB319}.Debug|Any CPU.ActiveCfg = Debug|Any CPU
		{2905245E-B1CA-4868-AEFF-D05BD7ADB319}.Debug|Any CPU.Build.0 = Debug|Any CPU
		{2905245E-B1CA-4868-AEFF-D05BD7ADB319}.Release|Any CPU.ActiveCfg = Release|Any CPU
		{2905245E-B1CA-4868-AEFF-D05BD7ADB319}.Release|Any CPU.Build.0 = Release|Any CPU
		{4DC3083C-E3A8-404E-AF17-5910143C0CEA}.Debug|Any CPU.ActiveCfg = Debug|Any CPU
		{4DC3083C-E3A8-404E-AF17-5910143C0CEA}.Debug|Any CPU.Build.0 = Debug|Any CPU
		{4DC3083C-E3A8-404E-AF17-5910143C0CEA}.Release|Any CPU.ActiveCfg = Release|Any CPU
		{4DC3083C-E3A8-404E-AF17-5910143C0CEA}.Release|Any CPU.Build.0 = Release|Any CPU
		{623BB95E-DC8C-4BFD-9ACA-31C9A11804BC}.Debug|Any CPU.ActiveCfg = Debug|Any CPU
		{623BB95E-DC8C-4BFD-9ACA-31C9A11804BC}.Debug|Any CPU.Build.0 = Debug|Any CPU
		{623BB95E-DC8C-4BFD-9ACA-31C9A11804BC}.Release|Any CPU.ActiveCfg = Release|Any CPU
		{623BB95E-DC8C-4BFD-9ACA-31C9A11804BC}.Release|Any CPU.Build.0 = Release|Any CPU
	EndGlobalSection
	GlobalSection(SolutionProperties) = preSolution
		HideSolutionNode = FALSE
	EndGlobalSection
	GlobalSection(NestedProjects) = preSolution
		{F9972FB7-ED8A-4C74-BCFE-B395D93EA3A4} = {991F4FC0-35A8-4B8B-A351-49F6949AE75E}
		{4585371B-4C76-4190-A495-9E814288B80C} = {991F4FC0-35A8-4B8B-A351-49F6949AE75E}
		{AECFB75D-F7B3-44A2-83D2-24DCD237B0B4} = {94125FD3-7626-4505-90A3-E02DB896363D}
		{EA69AFC8-C275-4191-8976-3182751874B0} = {94125FD3-7626-4505-90A3-E02DB896363D}
		{2905245E-B1CA-4868-AEFF-D05BD7ADB319} = {D1649D9F-810C-448D-83F9-A3A427B2899A}
		{4DC3083C-E3A8-404E-AF17-5910143C0CEA} = {D1649D9F-810C-448D-83F9-A3A427B2899A}
		{623BB95E-DC8C-4BFD-9ACA-31C9A11804BC} = {D1649D9F-810C-448D-83F9-A3A427B2899A}
	EndGlobalSection
	GlobalSection(ExtensibilityGlobals) = postSolution
		SolutionGuid = {2C212D20-40C1-4ACB-B0CE-9F2C6A87A22B}
	EndGlobalSection
EndGlobal
